github.com/suzuki-shunsuke/go-error-with-exit-code v1.0.0 h1:oVXrrYNGBq4POyITQNWKzwsYz7B2nUcqtDbeX4BfeEc=
github.com/suzuki-shunsuke/go-error-with-exit-code v1.0.0/go.mod h1:kDFtLeftDiIUUHXGI3xq5eJ+uAOi50FPrxPENTHktJ0=
golang.org/x/sys v0.24.0 h1:Twjiwq9dn6R1fQcyiK+wQyHWfaz/BJB+YIpzU/Cv3Xg=
golang.org/x/sys v0.24.0/go.mod h1:/VUhepiaJMQUp4+oa/7Zr1D23ma6VTLIYjOOTFZPUcA=
