github.com/suzuki-shunsuke/go-error-with-exit-code v1.0.0 h1:oVXrrYNGBq4POyITQNWKzwsYz7B2nUcqtDbeX4BfeEc=
github.com/suzuki-shunsuke/go-error-with-exit-code v1.0.0/go.mod h1:kDFtLeftDiIUUHXGI3xq5eJ+uAOi50FPrxPENTHktJ0=
golang.org/x/sys v0.39.0 h1:CvCKL8MeisomCi6qNZ+wbb0DN9E5AATixKsvNtMoMFk=
golang.org/x/sys v0.39.0/go.mod h1:OgkHotnGiDImocRcuBABYBEXf8A9a87e/uXjp9XT3ks=
